<?xml version="1.0" encoding="utf-8"?>
<Project ToolsVersion="4.0" xmlns="http://schemas.microsoft.com/developer/msbuild/2003">
  <ItemGroup>
    <Filter Include="Source Files">
      <UniqueIdentifier>{01aeb221-bbc0-4063-97f1-292f8994e250}</UniqueIdentifier>
      <Extensions>cpp;c;cxx;rc;def;r;odl;idl;hpj;bat</Extensions>
    </Filter>
    <Filter Include="Header Files">
      <UniqueIdentifier>{7404a7eb-600e-42df-933b-7bf813208e5d}</UniqueIdentifier>
      <Extensions>h;hpp;hxx;hm;inl</Extensions>
    </Filter>
  </ItemGroup>
  <ItemGroup>
    <ClCompile Include="kstatics.cpp">
      <Filter>Source Files</Filter>
    </ClCompile>
  </ItemGroup>
  <ItemGroup>
    <ClInclude Include="kalman\ekfilter.hpp">
      <Filter>Header Files</Filter>
    </ClInclude>
    <ClInclude Include="kalman\ekfilter_impl.hpp">
      <Filter>Header Files</Filter>
    </ClInclude>
    <ClInclude Include="kalman\kfilter.hpp">
      <Filter>Header Files</Filter>
    </ClInclude>
    <ClInclude Include="kalman\kfilter_impl.hpp">
      <Filter>Header Files</Filter>
    </ClInclude>
    <ClInclude Include="kalman\kmatrix.hpp">
      <Filter>Header Files</Filter>
    </ClInclude>
    <ClInclude Include="kalman\kmatrix_impl.hpp">
      <Filter>Header Files</Filter>
    </ClInclude>
    <ClInclude Include="kalman\ktypes.hpp">
      <Filter>Header Files</Filter>
    </ClInclude>
    <ClInclude Include="kalman\kvector.hpp">
      <Filter>Header Files</Filter>
    </ClInclude>
    <ClInclude Include="kalman\kvector_impl.hpp">
      <Filter>Header Files</Filter>
    </ClInclude>
  </ItemGroup>
</Project>